// !$*UTF8*$!
{
	archiveVersion = 1;
	classes = {
	};
	objectVersion = 56;
	objects = {

/* Begin PBXBuildFile section */
		1F492C0C2A7D09DD00FB9A5E /* LaunchAtLogin in Frameworks */ = {isa = PBXBuildFile; productRef = 1F492C0B2A7D09DD00FB9A5E /* LaunchAtLogin */; };
		1F8212CC2A7D107E00DD4633 /* Credits.rtf in Resources */ = {isa = PBXBuildFile; fileRef = 1F8212CB2A7D107E00DD4633 /* Credits.rtf */; };
		1F8212D82A7D20E900DD4633 /* Models.swift in Sources */ = {isa = PBXBuildFile; fileRef = 1F8212D72A7D20E900DD4633 /* Models.swift */; };
		1F8212DA2A7D212900DD4633 /* Webservice.swift in Sources */ = {isa = PBXBuildFile; fileRef = 1F8212D92A7D212900DD4633 /* Webservice.swift */; };
		1F8212E12A7D245500DD4633 /* Constants.swift in Sources */ = {isa = PBXBuildFile; fileRef = 1F8212E02A7D245500DD4633 /* Constants.swift */; };
		1F8212E32A7D5CFE00DD4633 /* Reports.swift in Sources */ = {isa = PBXBuildFile; fileRef = 1F8212E22A7D5CFE00DD4633 /* Reports.swift */; };
		1F8390492A7BEE6100C89E5F /* BoatswainApp.swift in Sources */ = {isa = PBXBuildFile; fileRef = 1F8390482A7BEE6100C89E5F /* BoatswainApp.swift */; };
		1F83904D2A7BEE6200C89E5F /* Assets.xcassets in Resources */ = {isa = PBXBuildFile; fileRef = 1F83904C2A7BEE6200C89E5F /* Assets.xcassets */; };
		1F8390502A7BEE6200C89E5F /* Preview Assets.xcassets in Resources */ = {isa = PBXBuildFile; fileRef = 1F83904F2A7BEE6200C89E5F /* Preview Assets.xcassets */; };
		1F8390592A7C470D00C89E5F /* Defaults in Frameworks */ = {isa = PBXBuildFile; productRef = 1F8390582A7C470D00C89E5F /* Defaults */; };
		1F83905D2A7C519F00C89E5F /* AppMenu.swift in Sources */ = {isa = PBXBuildFile; fileRef = 1F83905C2A7C519F00C89E5F /* AppMenu.swift */; };
		1F83905F2A7C59A200C89E5F /* SettingsScreen.swift in Sources */ = {isa = PBXBuildFile; fileRef = 1F83905E2A7C59A200C89E5F /* SettingsScreen.swift */; };
		1FD60D6A2B069CC6005996E8 /* SettingsAccess in Frameworks */ = {isa = PBXBuildFile; productRef = 1FD60D692B069CC6005996E8 /* SettingsAccess */; };
		1FE489E62B6E80A200969326 /* MoreMenu.swift in Sources */ = {isa = PBXBuildFile; fileRef = 1FE489E52B6E80A200969326 /* MoreMenu.swift */; };
		1FE489E82B6E83B000969326 /* MenubarIcon.swift in Sources */ = {isa = PBXBuildFile; fileRef = 1FE489E72B6E83B000969326 /* MenubarIcon.swift */; };
/* End PBXBuildFile section */

/* Begin PBXFileReference section */
		1F8212CB2A7D107E00DD4633 /* Credits.rtf */ = {isa = PBXFileReference; fileEncoding = 4; lastKnownFileType = text.rtf; path = Credits.rtf; sourceTree = "<group>"; };
		1F8212CF2A7D155500DD4633 /* BoatswainRelease.entitlements */ = {isa = PBXFileReference; lastKnownFileType = text.plist.entitlements; path = BoatswainRelease.entitlements; sourceTree = "<group>"; };
		1F8212D72A7D20E900DD4633 /* Models.swift */ = {isa = PBXFileReference; lastKnownFileType = sourcecode.swift; path = Models.swift; sourceTree = "<group>"; };
		1F8212D92A7D212900DD4633 /* Webservice.swift */ = {isa = PBXFileReference; lastKnownFileType = sourcecode.swift; path = Webservice.swift; sourceTree = "<group>"; };
		1F8212E02A7D245500DD4633 /* Constants.swift */ = {isa = PBXFileReference; lastKnownFileType = sourcecode.swift; path = Constants.swift; sourceTree = "<group>"; };
		1F8212E22A7D5CFE00DD4633 /* Reports.swift */ = {isa = PBXFileReference; lastKnownFileType = sourcecode.swift; path = Reports.swift; sourceTree = "<group>"; };
		1F8390452A7BEE6100C89E5F /* Boatswain.app */ = {isa = PBXFileReference; explicitFileType = wrapper.application; includeInIndex = 0; path = Boatswain.app; sourceTree = BUILT_PRODUCTS_DIR; };
		1F8390482A7BEE6100C89E5F /* BoatswainApp.swift */ = {isa = PBXFileReference; lastKnownFileType = sourcecode.swift; path = BoatswainApp.swift; sourceTree = "<group>"; };
		1F83904C2A7BEE6200C89E5F /* Assets.xcassets */ = {isa = PBXFileReference; lastKnownFileType = folder.assetcatalog; path = Assets.xcassets; sourceTree = "<group>"; };
		1F83904F2A7BEE6200C89E5F /* Preview Assets.xcassets */ = {isa = PBXFileReference; lastKnownFileType = folder.assetcatalog; path = "Preview Assets.xcassets"; sourceTree = "<group>"; };
		1F8390512A7BEE6200C89E5F /* Boatswain.entitlements */ = {isa = PBXFileReference; lastKnownFileType = text.plist.entitlements; path = Boatswain.entitlements; sourceTree = "<group>"; };
		1F83905C2A7C519F00C89E5F /* AppMenu.swift */ = {isa = PBXFileReference; lastKnownFileType = sourcecode.swift; path = AppMenu.swift; sourceTree = "<group>"; };
		1F83905E2A7C59A200C89E5F /* SettingsScreen.swift */ = {isa = PBXFileReference; lastKnownFileType = sourcecode.swift; path = SettingsScreen.swift; sourceTree = "<group>"; };
		1FE489E52B6E80A200969326 /* MoreMenu.swift */ = {isa = PBXFileReference; lastKnownFileType = sourcecode.swift; path = MoreMenu.swift; sourceTree = "<group>"; };
		1FE489E72B6E83B000969326 /* MenubarIcon.swift */ = {isa = PBXFileReference; lastKnownFileType = sourcecode.swift; path = MenubarIcon.swift; sourceTree = "<group>"; };
/* End PBXFileReference section */

/* Begin PBXFrameworksBuildPhase section */
		1F8390422A7BEE6100C89E5F /* Frameworks */ = {
			isa = PBXFrameworksBuildPhase;
			buildActionMask = 2147483647;
			files = (
				1FD60D6A2B069CC6005996E8 /* SettingsAccess in Frameworks */,
				1F492C0C2A7D09DD00FB9A5E /* LaunchAtLogin in Frameworks */,
				1F8390592A7C470D00C89E5F /* Defaults in Frameworks */,
			);
			runOnlyForDeploymentPostprocessing = 0;
		};
/* End PBXFrameworksBuildPhase section */

/* Begin PBXGroup section */
		1F83903C2A7BEE6100C89E5F = {
			isa = PBXGroup;
			children = (
				1F8390472A7BEE6100C89E5F /* Boatswain */,
				1F8390462A7BEE6100C89E5F /* Products */,
			);
			sourceTree = "<group>";
		};
		1F8390462A7BEE6100C89E5F /* Products */ = {
			isa = PBXGroup;
			children = (
				1F8390452A7BEE6100C89E5F /* Boatswain.app */,
			);
			name = Products;
			sourceTree = "<group>";
		};
		1F8390472A7BEE6100C89E5F /* Boatswain */ = {
			isa = PBXGroup;
			children = (
				1F8390512A7BEE6200C89E5F /* Boatswain.entitlements */,
				1F8212CF2A7D155500DD4633 /* BoatswainRelease.entitlements */,
				1F8212CB2A7D107E00DD4633 /* Credits.rtf */,
				1F83905C2A7C519F00C89E5F /* AppMenu.swift */,
				1F8390482A7BEE6100C89E5F /* BoatswainApp.swift */,
				1F8212E02A7D245500DD4633 /* Constants.swift */,
				1F8212E22A7D5CFE00DD4633 /* Reports.swift */,
				1F83905E2A7C59A200C89E5F /* SettingsScreen.swift */,
				1F8212D72A7D20E900DD4633 /* Models.swift */,
				1F8212D92A7D212900DD4633 /* Webservice.swift */,
				1F83904C2A7BEE6200C89E5F /* Assets.xcassets */,
				1F83904E2A7BEE6200C89E5F /* Preview Content */,
				1FE489E52B6E80A200969326 /* MoreMenu.swift */,
				1FE489E72B6E83B000969326 /* MenubarIcon.swift */,
			);
			path = Boatswain;
			sourceTree = "<group>";
		};
		1F83904E2A7BEE6200C89E5F /* Preview Content */ = {
			isa = PBXGroup;
			children = (
				1F83904F2A7BEE6200C89E5F /* Preview Assets.xcassets */,
			);
			path = "Preview Content";
			sourceTree = "<group>";
		};
/* End PBXGroup section */

/* Begin PBXNativeTarget section */
		1F8390442A7BEE6100C89E5F /* Boatswain */ = {
			isa = PBXNativeTarget;
			buildConfigurationList = 1F8390542A7BEE6200C89E5F /* Build configuration list for PBXNativeTarget "Boatswain" */;
			buildPhases = (
				1F8390412A7BEE6100C89E5F /* Sources */,
				1F8390422A7BEE6100C89E5F /* Frameworks */,
				1F8390432A7BEE6100C89E5F /* Resources */,
			);
			buildRules = (
			);
			dependencies = (
			);
			name = Boatswain;
			packageProductDependencies = (
				1F8390582A7C470D00C89E5F /* Defaults */,
				1F492C0B2A7D09DD00FB9A5E /* LaunchAtLogin */,
				1FD60D692B069CC6005996E8 /* SettingsAccess */,
			);
			productName = Boatswain;
			productReference = 1F8390452A7BEE6100C89E5F /* Boatswain.app */;
			productType = "com.apple.product-type.application";
		};
/* End PBXNativeTarget section */

/* Begin PBXProject section */
		1F83903D2A7BEE6100C89E5F /* Project object */ = {
			isa = PBXProject;
			attributes = {
				BuildIndependentTargetsInParallel = 1;
				LastSwiftUpdateCheck = 1430;
				LastUpgradeCheck = 1430;
				TargetAttributes = {
					1F8390442A7BEE6100C89E5F = {
						CreatedOnToolsVersion = 14.3.1;
					};
				};
			};
			buildConfigurationList = 1F8390402A7BEE6100C89E5F /* Build configuration list for PBXProject "Boatswain" */;
			compatibilityVersion = "Xcode 14.0";
			developmentRegion = en;
			hasScannedForEncodings = 0;
			knownRegions = (
				en,
				Base,
			);
			mainGroup = 1F83903C2A7BEE6100C89E5F;
			packageReferences = (
				1F8390572A7C470D00C89E5F /* XCRemoteSwiftPackageReference "Defaults" */,
				1F492C0A2A7D09DD00FB9A5E /* XCRemoteSwiftPackageReference "LaunchAtLogin-Modern" */,
				1FD60D682B069CC6005996E8 /* XCRemoteSwiftPackageReference "SettingsAccess" */,
			);
			productRefGroup = 1F8390462A7BEE6100C89E5F /* Products */;
			projectDirPath = "";
			projectRoot = "";
			targets = (
				1F8390442A7BEE6100C89E5F /* Boatswain */,
			);
		};
/* End PBXProject section */

/* Begin PBXResourcesBuildPhase section */
		1F8390432A7BEE6100C89E5F /* Resources */ = {
			isa = PBXResourcesBuildPhase;
			buildActionMask = 2147483647;
			files = (
				1F8390502A7BEE6200C89E5F /* Preview Assets.xcassets in Resources */,
				1F83904D2A7BEE6200C89E5F /* Assets.xcassets in Resources */,
				1F8212CC2A7D107E00DD4633 /* Credits.rtf in Resources */,
			);
			runOnlyForDeploymentPostprocessing = 0;
		};
/* End PBXResourcesBuildPhase section */

/* Begin PBXSourcesBuildPhase section */
		1F8390412A7BEE6100C89E5F /* Sources */ = {
			isa = PBXSourcesBuildPhase;
			buildActionMask = 2147483647;
			files = (
				1FE489E82B6E83B000969326 /* MenubarIcon.swift in Sources */,
				1F8212D82A7D20E900DD4633 /* Models.swift in Sources */,
				1FE489E62B6E80A200969326 /* MoreMenu.swift in Sources */,
				1F8212DA2A7D212900DD4633 /* Webservice.swift in Sources */,
				1F83905D2A7C519F00C89E5F /* AppMenu.swift in Sources */,
				1F8212E32A7D5CFE00DD4633 /* Reports.swift in Sources */,
				1F8212E12A7D245500DD4633 /* Constants.swift in Sources */,
				1F83905F2A7C59A200C89E5F /* SettingsScreen.swift in Sources */,
				1F8390492A7BEE6100C89E5F /* BoatswainApp.swift in Sources */,
			);
			runOnlyForDeploymentPostprocessing = 0;
		};
/* End PBXSourcesBuildPhase section */

/* Begin XCBuildConfiguration section */
		1F8390522A7BEE6200C89E5F /* Debug */ = {
			isa = XCBuildConfiguration;
			buildSettings = {
				ALWAYS_SEARCH_USER_PATHS = NO;
				CLANG_ANALYZER_NONNULL = YES;
				CLANG_ANALYZER_NUMBER_OBJECT_CONVERSION = YES_AGGRESSIVE;
				CLANG_CXX_LANGUAGE_STANDARD = "gnu++20";
				CLANG_ENABLE_MODULES = YES;
				CLANG_ENABLE_OBJC_ARC = YES;
				CLANG_ENABLE_OBJC_WEAK = YES;
				CLANG_WARN_BLOCK_CAPTURE_AUTORELEASING = YES;
				CLANG_WARN_BOOL_CONVERSION = YES;
				CLANG_WARN_COMMA = YES;
				CLANG_WARN_CONSTANT_CONVERSION = YES;
				CLANG_WARN_DEPRECATED_OBJC_IMPLEMENTATIONS = YES;
				CLANG_WARN_DIRECT_OBJC_ISA_USAGE = YES_ERROR;
				CLANG_WARN_DOCUMENTATION_COMMENTS = YES;
				CLANG_WARN_EMPTY_BODY = YES;
				CLANG_WARN_ENUM_CONVERSION = YES;
				CLANG_WARN_INFINITE_RECURSION = YES;
				CLANG_WARN_INT_CONVERSION = YES;
				CLANG_WARN_NON_LITERAL_NULL_CONVERSION = YES;
				CLANG_WARN_OBJC_IMPLICIT_RETAIN_SELF = YES;
				CLANG_WARN_OBJC_LITERAL_CONVERSION = YES;
				CLANG_WARN_OBJC_ROOT_CLASS = YES_ERROR;
				CLANG_WARN_QUOTED_INCLUDE_IN_FRAMEWORK_HEADER = YES;
				CLANG_WARN_RANGE_LOOP_ANALYSIS = YES;
				CLANG_WARN_STRICT_PROTOTYPES = YES;
				CLANG_WARN_SUSPICIOUS_MOVE = YES;
				CLANG_WARN_UNGUARDED_AVAILABILITY = YES_AGGRESSIVE;
				CLANG_WARN_UNREACHABLE_CODE = YES;
				CLANG_WARN__DUPLICATE_METHOD_MATCH = YES;
				COPY_PHASE_STRIP = NO;
				DEBUG_INFORMATION_FORMAT = dwarf;
				ENABLE_STRICT_OBJC_MSGSEND = YES;
				ENABLE_TESTABILITY = YES;
				GCC_C_LANGUAGE_STANDARD = gnu11;
				GCC_DYNAMIC_NO_PIC = NO;
				GCC_NO_COMMON_BLOCKS = YES;
				GCC_OPTIMIZATION_LEVEL = 0;
				GCC_PREPROCESSOR_DEFINITIONS = (
					"DEBUG=1",
					"$(inherited)",
				);
				GCC_WARN_64_TO_32_BIT_CONVERSION = YES;
				GCC_WARN_ABOUT_RETURN_TYPE = YES_ERROR;
				GCC_WARN_UNDECLARED_SELECTOR = YES;
				GCC_WARN_UNINITIALIZED_AUTOS = YES_AGGRESSIVE;
				GCC_WARN_UNUSED_FUNCTION = YES;
				GCC_WARN_UNUSED_VARIABLE = YES;
				MACOSX_DEPLOYMENT_TARGET = 13.3;
				MTL_ENABLE_DEBUG_INFO = INCLUDE_SOURCE;
				MTL_FAST_MATH = YES;
				ONLY_ACTIVE_ARCH = YES;
				SDKROOT = macosx;
				SWIFT_ACTIVE_COMPILATION_CONDITIONS = DEBUG;
				SWIFT_OPTIMIZATION_LEVEL = "-Onone";
			};
			name = Debug;
		};
		1F8390532A7BEE6200C89E5F /* Release */ = {
			isa = XCBuildConfiguration;
			buildSettings = {
				ALWAYS_SEARCH_USER_PATHS = NO;
				CLANG_ANALYZER_NONNULL = YES;
				CLANG_ANALYZER_NUMBER_OBJECT_CONVERSION = YES_AGGRESSIVE;
				CLANG_CXX_LANGUAGE_STANDARD = "gnu++20";
				CLANG_ENABLE_MODULES = YES;
				CLANG_ENABLE_OBJC_ARC = YES;
				CLANG_ENABLE_OBJC_WEAK = YES;
				CLANG_WARN_BLOCK_CAPTURE_AUTORELEASING = YES;
				CLANG_WARN_BOOL_CONVERSION = YES;
				CLANG_WARN_COMMA = YES;
				CLANG_WARN_CONSTANT_CONVERSION = YES;
				CLANG_WARN_DEPRECATED_OBJC_IMPLEMENTATIONS = YES;
				CLANG_WARN_DIRECT_OBJC_ISA_USAGE = YES_ERROR;
				CLANG_WARN_DOCUMENTATION_COMMENTS = YES;
				CLANG_WARN_EMPTY_BODY = YES;
				CLANG_WARN_ENUM_CONVERSION = YES;
				CLANG_WARN_INFINITE_RECURSION = YES;
				CLANG_WARN_INT_CONVERSION = YES;
				CLANG_WARN_NON_LITERAL_NULL_CONVERSION = YES;
				CLANG_WARN_OBJC_IMPLICIT_RETAIN_SELF = YES;
				CLANG_WARN_OBJC_LITERAL_CONVERSION = YES;
				CLANG_WARN_OBJC_ROOT_CLASS = YES_ERROR;
				CLANG_WARN_QUOTED_INCLUDE_IN_FRAMEWORK_HEADER = YES;
				CLANG_WARN_RANGE_LOOP_ANALYSIS = YES;
				CLANG_WARN_STRICT_PROTOTYPES = YES;
				CLANG_WARN_SUSPICIOUS_MOVE = YES;
				CLANG_WARN_UNGUARDED_AVAILABILITY = YES_AGGRESSIVE;
				CLANG_WARN_UNREACHABLE_CODE = YES;
				CLANG_WARN__DUPLICATE_METHOD_MATCH = YES;
				COPY_PHASE_STRIP = NO;
				DEBUG_INFORMATION_FORMAT = "dwarf-with-dsym";
				ENABLE_NS_ASSERTIONS = NO;
				ENABLE_STRICT_OBJC_MSGSEND = YES;
				GCC_C_LANGUAGE_STANDARD = gnu11;
				GCC_NO_COMMON_BLOCKS = YES;
				GCC_WARN_64_TO_32_BIT_CONVERSION = YES;
				GCC_WARN_ABOUT_RETURN_TYPE = YES_ERROR;
				GCC_WARN_UNDECLARED_SELECTOR = YES;
				GCC_WARN_UNINITIALIZED_AUTOS = YES_AGGRESSIVE;
				GCC_WARN_UNUSED_FUNCTION = YES;
				GCC_WARN_UNUSED_VARIABLE = YES;
				MACOSX_DEPLOYMENT_TARGET = 13.3;
				MTL_ENABLE_DEBUG_INFO = NO;
				MTL_FAST_MATH = YES;
				SDKROOT = macosx;
				SWIFT_COMPILATION_MODE = wholemodule;
				SWIFT_OPTIMIZATION_LEVEL = "-O";
			};
			name = Release;
		};
		1F8390552A7BEE6200C89E5F /* Debug */ = {
			isa = XCBuildConfiguration;
			buildSettings = {
				ASSETCATALOG_COMPILER_APPICON_NAME = AppIcon;
				ASSETCATALOG_COMPILER_GLOBAL_ACCENT_COLOR_NAME = AccentColor;
				CODE_SIGN_ENTITLEMENTS = Boatswain/Boatswain.entitlements;
				CODE_SIGN_STYLE = Automatic;
				COMBINE_HIDPI_IMAGES = YES;
				CURRENT_PROJECT_VERSION = 1;
				DEVELOPMENT_ASSET_PATHS = "\"Boatswain/Preview Content\"";
				DEVELOPMENT_TEAM = VD2XEMH9RU;
				ENABLE_HARDENED_RUNTIME = YES;
				ENABLE_PREVIEWS = YES;
				GENERATE_INFOPLIST_FILE = YES;
				INFOPLIST_KEY_CFBundleDisplayName = Boatswain;
				INFOPLIST_KEY_LSApplicationCategoryType = "public.app-category.utilities";
				INFOPLIST_KEY_LSUIElement = YES;
				INFOPLIST_KEY_NSHumanReadableCopyright = "MIT License © Jeff Reiner";
				LD_RUNPATH_SEARCH_PATHS = (
					"$(inherited)",
					"@executable_path/../Frameworks",
				);
				MACOSX_DEPLOYMENT_TARGET = 14.0;
				MARKETING_VERSION = 1.0;
				PRODUCT_BUNDLE_IDENTIFIER = com.reiner.boatswain;
				PRODUCT_NAME = "$(TARGET_NAME)";
				SWIFT_EMIT_LOC_STRINGS = YES;
				SWIFT_VERSION = 5.0;
			};
			name = Debug;
		};
		1F8390562A7BEE6200C89E5F /* Release */ = {
			isa = XCBuildConfiguration;
			buildSettings = {
				ASSETCATALOG_COMPILER_APPICON_NAME = AppIcon;
				ASSETCATALOG_COMPILER_GLOBAL_ACCENT_COLOR_NAME = AccentColor;
				CODE_SIGN_ENTITLEMENTS = Boatswain/BoatswainRelease.entitlements;
				CODE_SIGN_STYLE = Automatic;
				COMBINE_HIDPI_IMAGES = YES;
				CURRENT_PROJECT_VERSION = 1;
				DEVELOPMENT_ASSET_PATHS = "\"Boatswain/Preview Content\"";
				DEVELOPMENT_TEAM = VD2XEMH9RU;
				ENABLE_HARDENED_RUNTIME = YES;
				ENABLE_PREVIEWS = YES;
				GENERATE_INFOPLIST_FILE = YES;
				INFOPLIST_KEY_CFBundleDisplayName = Boatswain;
				INFOPLIST_KEY_LSApplicationCategoryType = "public.app-category.utilities";
				INFOPLIST_KEY_LSUIElement = YES;
				INFOPLIST_KEY_NSHumanReadableCopyright = "MIT License © Jeff Reiner";
				LD_RUNPATH_SEARCH_PATHS = (
					"$(inherited)",
					"@executable_path/../Frameworks",
				);
				MACOSX_DEPLOYMENT_TARGET = 14.0;
				MARKETING_VERSION = 1.0;
				PRODUCT_BUNDLE_IDENTIFIER = com.reiner.boatswain;
				PRODUCT_NAME = "$(TARGET_NAME)";
				SWIFT_EMIT_LOC_STRINGS = YES;
				SWIFT_VERSION = 5.0;
			};
			name = Release;
		};
/* End XCBuildConfiguration section */

/* Begin XCConfigurationList section */
		1F8390402A7BEE6100C89E5F /* Build configuration list for PBXProject "Boatswain" */ = {
			isa = XCConfigurationList;
			buildConfigurations = (
				1F8390522A7BEE6200C89E5F /* Debug */,
				1F8390532A7BEE6200C89E5F /* Release */,
			);
			defaultConfigurationIsVisible = 0;
			defaultConfigurationName = Release;
		};
		1F8390542A7BEE6200C89E5F /* Build configuration list for PBXNativeTarget "Boatswain" */ = {
			isa = XCConfigurationList;
			buildConfigurations = (
				1F8390552A7BEE6200C89E5F /* Debug */,
				1F8390562A7BEE6200C89E5F /* Release */,
			);
			defaultConfigurationIsVisible = 0;
			defaultConfigurationName = Release;
		};
/* End XCConfigurationList section */

/* Begin XCRemoteSwiftPackageReference section */
		1F492C0A2A7D09DD00FB9A5E /* XCRemoteSwiftPackageReference "LaunchAtLogin-Modern" */ = {
			isa = XCRemoteSwiftPackageReference;
			repositoryURL = "https://github.com/sindresorhus/LaunchAtLogin-Modern";
			requirement = {
				kind = upToNextMajorVersion;
				minimumVersion = 1.0.0;
			};
		};
		1F8390572A7C470D00C89E5F /* XCRemoteSwiftPackageReference "Defaults" */ = {
			isa = XCRemoteSwiftPackageReference;
			repositoryURL = "https://github.com/sindresorhus/Defaults";
			requirement = {
				kind = upToNextMajorVersion;
				minimumVersion = 7.2.0;
			};
		};
		1FD60D682B069CC6005996E8 /* XCRemoteSwiftPackageReference "SettingsAccess" */ = {
			isa = XCRemoteSwiftPackageReference;
			repositoryURL = "https://github.com/orchetect/SettingsAccess";
			requirement = {
				kind = upToNextMajorVersion;
				minimumVersion = 1.4.0;
			};
		};
/* End XCRemoteSwiftPackageReference section */

/* Begin XCSwiftPackageProductDependency section */
		1F492C0B2A7D09DD00FB9A5E /* LaunchAtLogin */ = {
			isa = XCSwiftPackageProductDependency;
			package = 1F492C0A2A7D09DD00FB9A5E /* XCRemoteSwiftPackageReference "LaunchAtLogin-Modern" */;
			productName = LaunchAtLogin;
		};
		1F8390582A7C470D00C89E5F /* Defaults */ = {
			isa = XCSwiftPackageProductDependency;
			package = 1F8390572A7C470D00C89E5F /* XCRemoteSwiftPackageReference "Defaults" */;
			productName = Defaults;
		};
		1FD60D692B069CC6005996E8 /* SettingsAccess */ = {
			isa = XCSwiftPackageProductDependency;
			package = 1FD60D682B069CC6005996E8 /* XCRemoteSwiftPackageReference "SettingsAccess" */;
			productName = SettingsAccess;
		};
/* End XCSwiftPackageProductDependency section */
	};
	rootObject = 1F83903D2A7BEE6100C89E5F /* Project object */;
}
